Microsoft Visual Studio Solution File, Format Version 12.00
# Visual Studio Version 17
VisualStudioVersion = 17.5.2.0
MinimumVisualStudioVersion = 10.0.40219.1
Project("{FAE04EC0-301F-11D3-BF4B-00C04F79EFBC}") = "TheAndersonProject", "TheAndersonProject\TheAndersonProject.csproj", "{583BC9C8-9963-D20D-1BF1-F8A534E9CBA9}"
EndProject
Global
	GlobalSection(SolutionConfigurationPlatforms) = preSolution
		Debug|Any CPU = Debug|Any CPU
		Release|Any CPU = Release|Any CPU
	EndGlobalSection
	GlobalSection(ProjectConfigurationPlatforms) = postSolution
		{583BC9C8-9963-D20D-1BF1-F8A534E9CBA9}.Debug|Any CPU.ActiveCfg = Debug|Any CPU
		{583BC9C8-9963-D20D-1BF1-F8A534E9CBA9}.Debug|Any CPU.Build.0 = Debug|Any CPU
		{583BC9C8-9963-D20D-1BF1-F8A534E9CBA9}.Release|Any CPU.ActiveCfg = Release|Any CPU
		{583BC9C8-9963-D20D-1BF1-F8A534E9CBA9}.Release|Any CPU.Build.0 = Release|Any CPU
	EndGlobalSection
	GlobalSection(SolutionProperties) = preSolution
		HideSolutionNode = FALSE
	EndGlobalSection
	GlobalSection(ExtensibilityGlobals) = postSolution
		SolutionGuid = {09634534-D573-4936-B29B-A38A1731B618}
	EndGlobalSection
EndGlobal
